
Microsoft Visual Studio Solution File, Format Version 12.00
# Visual Studio Version 16
VisualStudioVersion = 16.0.29926.136
MinimumVisualStudioVersion = 10.0.40219.1
Project("{FAE04EC0-301F-11D3-BF4B-00C04F79EFBC}") = "SimpleVsixProjectTemplate", "SimpleVsixProjectTemplate\SimpleVsixProjectTemplate.csproj", "{D17C02E5-799B-40A0-A930-CA58ADF68D66}"
EndProject
Global
	GlobalSection(SolutionConfigurationPlatforms) = preSolution
		Debug|Any CPU = Debug|Any CPU
		Release|Any CPU = Release|Any CPU
	EndGlobalSection
	GlobalSection(ProjectConfigurationPlatforms) = postSolution
		{D17C02E5-799B-40A0-A930-CA58ADF68D66}.Debug|Any CPU.ActiveCfg = Debug|Any CPU
		{D17C02E5-799B-40A0-A930-CA58ADF68D66}.Debug|Any CPU.Build.0 = Debug|Any CPU
		{D17C02E5-799B-40A0-A930-CA58ADF68D66}.Release|Any CPU.ActiveCfg = Release|Any CPU
		{D17C02E5-799B-40A0-A930-CA58ADF68D66}.Release|Any CPU.Build.0 = Release|Any CPU
	EndGlobalSection
	GlobalSection(SolutionProperties) = preSolution
		HideSolutionNode = FALSE
	EndGlobalSection
	GlobalSection(ExtensibilityGlobals) = postSolution
		SolutionGuid = {23F62548-E489-47AC-92A4-D1599178DC35}
	EndGlobalSection
EndGlobal
