
Microsoft Visual Studio Solution File, Format Version 12.00
# Visual Studio Version 16
VisualStudioVersion = 16.0.30225.117
MinimumVisualStudioVersion = 10.0.40219.1
Project("{9A19103F-16F7-4668-BE54-9A1E7A4F7556}") = "IdentityServer", "IdentityServer\IdentityServer.csproj", "{E5E4B65B-0ADD-4016-BF45-C3106B0FACB5}"
EndProject
Project("{9A19103F-16F7-4668-BE54-9A1E7A4F7556}") = "Api", "Api\Api.csproj", "{DCC5AAA7-6904-444E-B110-CFE2842837EB}"
EndProject
Project("{9A19103F-16F7-4668-BE54-9A1E7A4F7556}") = "Client", "Client\Client.csproj", "{0301D4B5-4876-4F3D-9BD4-16E5D60AD5A0}"
EndProject
Global
	GlobalSection(SolutionConfigurationPlatforms) = preSolution
		Debug|Any CPU = Debug|Any CPU
		Release|Any CPU = Release|Any CPU
	EndGlobalSection
	GlobalSection(ProjectConfigurationPlatforms) = postSolution
		{E5E4B65B-0ADD-4016-BF45-C3106B0FACB5}.Debug|Any CPU.ActiveCfg = Debug|Any CPU
		{E5E4B65B-0ADD-4016-BF45-C3106B0FACB5}.Debug|Any CPU.Build.0 = Debug|Any CPU
		{E5E4B65B-0ADD-4016-BF45-C3106B0FACB5}.Release|Any CPU.ActiveCfg = Release|Any CPU
		{E5E4B65B-0ADD-4016-BF45-C3106B0FACB5}.Release|Any CPU.Build.0 = Release|Any CPU
		{DCC5AAA7-6904-444E-B110-CFE2842837EB}.Debug|Any CPU.ActiveCfg = Debug|Any CPU
		{DCC5AAA7-6904-444E-B110-CFE2842837EB}.Debug|Any CPU.Build.0 = Debug|Any CPU
		{DCC5AAA7-6904-444E-B110-CFE2842837EB}.Release|Any CPU.ActiveCfg = Release|Any CPU
		{DCC5AAA7-6904-444E-B110-CFE2842837EB}.Release|Any CPU.Build.0 = Release|Any CPU
		{0301D4B5-4876-4F3D-9BD4-16E5D60AD5A0}.Debug|Any CPU.ActiveCfg = Debug|Any CPU
		{0301D4B5-4876-4F3D-9BD4-16E5D60AD5A0}.Debug|Any CPU.Build.0 = Debug|Any CPU
		{0301D4B5-4876-4F3D-9BD4-16E5D60AD5A0}.Release|Any CPU.ActiveCfg = Release|Any CPU
		{0301D4B5-4876-4F3D-9BD4-16E5D60AD5A0}.Release|Any CPU.Build.0 = Release|Any CPU
	EndGlobalSection
	GlobalSection(SolutionProperties) = preSolution
		HideSolutionNode = FALSE
	EndGlobalSection
	GlobalSection(ExtensibilityGlobals) = postSolution
		SolutionGuid = {81F4AB58-47DC-4A0B-BAB9-BA94A7FE72E1}
	EndGlobalSection
EndGlobal
